
Microsoft Visual Studio Solution File, Format Version 12.00
# Visual Studio Version 16
VisualStudioVersion = 16.0.30011.22
MinimumVisualStudioVersion = 10.0.40219.1
Project("{FAE04EC0-301F-11D3-BF4B-00C04F79EFBC}") = "jorgecloudlab", "jorgecloudlab\jorgecloudlab.csproj", "{2F6696C6-B838-4700-A263-7922529979B0}"
EndProject
Global
	GlobalSection(SolutionConfigurationPlatforms) = preSolution
		Debug|Any CPU = Debug|Any CPU
		Release|Any CPU = Release|Any CPU
	EndGlobalSection
	GlobalSection(ProjectConfigurationPlatforms) = postSolution
		{2F6696C6-B838-4700-A263-7922529979B0}.Debug|Any CPU.ActiveCfg = Debug|Any CPU
		{2F6696C6-B838-4700-A263-7922529979B0}.Debug|Any CPU.Build.0 = Debug|Any CPU
		{2F6696C6-B838-4700-A263-7922529979B0}.Release|Any CPU.ActiveCfg = Release|Any CPU
		{2F6696C6-B838-4700-A263-7922529979B0}.Release|Any CPU.Build.0 = Release|Any CPU
	EndGlobalSection
	GlobalSection(SolutionProperties) = preSolution
		HideSolutionNode = FALSE
	EndGlobalSection
	GlobalSection(ExtensibilityGlobals) = postSolution
		SolutionGuid = {59E60478-F414-42DE-8125-EE2BD5EAB93E}
	EndGlobalSection
EndGlobal
